
Microsoft Visual Studio Solution File, Format Version 12.00
# Visual Studio Version 16
VisualStudioVersion = 16.0.34031.81
MinimumVisualStudioVersion = 10.0.40219.1
Project("{888888A0-9F3D-457C-B088-3A5042F75D52}") = "mario in python", "mario in python.pyproj", "{42F2A616-64B2-40A9-B560-83BE1ECC64F8}"
EndProject
Global
	GlobalSection(SolutionConfigurationPlatforms) = preSolution
		Debug|Any CPU = Debug|Any CPU
		Release|Any CPU = Release|Any CPU
	EndGlobalSection
	GlobalSection(ProjectConfigurationPlatforms) = postSolution
		{42F2A616-64B2-40A9-B560-83BE1ECC64F8}.Debug|Any CPU.ActiveCfg = Debug|Any CPU
		{42F2A616-64B2-40A9-B560-83BE1ECC64F8}.Release|Any CPU.ActiveCfg = Release|Any CPU
	EndGlobalSection
	GlobalSection(SolutionProperties) = preSolution
		HideSolutionNode = FALSE
	EndGlobalSection
	GlobalSection(ExtensibilityGlobals) = postSolution
		SolutionGuid = {D1E90E7B-E4E8-461B-86E2-2B873326C9D1}
	EndGlobalSection
EndGlobal
